// !$*UTF8*$!
{
	archiveVersion = 1;
	classes = {
	};
	objectVersion = 56;
	objects = {

/* Begin PBXBuildFile section */
		D00AB2C22BC4E73E00DC30F0 /* NewsDetailView.swift in Sources */ = {isa = PBXBuildFile; fileRef = D00AB2C12BC4E73E00DC30F0 /* NewsDetailView.swift */; };
		D00FAF5B2BBE0520007707BB /* HackerNewsRMApp.swift in Sources */ = {isa = PBXBuildFile; fileRef = D00FAF5A2BBE0520007707BB /* HackerNewsRMApp.swift */; };
		D00FAF5D2BBE0520007707BB /* ContentView.swift in Sources */ = {isa = PBXBuildFile; fileRef = D00FAF5C2BBE0520007707BB /* ContentView.swift */; };
		D00FAF5F2BBE0521007707BB /* Assets.xcassets in Resources */ = {isa = PBXBuildFile; fileRef = D00FAF5E2BBE0521007707BB /* Assets.xcassets */; };
		D00FAF622BBE0521007707BB /* Preview Assets.xcassets in Resources */ = {isa = PBXBuildFile; fileRef = D00FAF612BBE0521007707BB /* Preview Assets.xcassets */; };
		D01FB5712BBE33DF000E3D48 /* ListNewsView.swift in Sources */ = {isa = PBXBuildFile; fileRef = D01FB5702BBE33DF000E3D48 /* ListNewsView.swift */; };
		D01FB5732BBE3740000E3D48 /* ListNewsViewModel.swift in Sources */ = {isa = PBXBuildFile; fileRef = D01FB5722BBE3740000E3D48 /* ListNewsViewModel.swift */; };
		D01FB5752BBE3772000E3D48 /* ApiClient.swift in Sources */ = {isa = PBXBuildFile; fileRef = D01FB5742BBE3772000E3D48 /* ApiClient.swift */; };
		D0B28EC12BBF64A200759DC0 /* News.swift in Sources */ = {isa = PBXBuildFile; fileRef = D0B28EC02BBF64A200759DC0 /* News.swift */; };
		D0E52C9A2BC5D5F000559BA6 /* ModelDataBase.swift in Sources */ = {isa = PBXBuildFile; fileRef = D0E52C992BC5D5F000559BA6 /* ModelDataBase.swift */; };
/* End PBXBuildFile section */

/* Begin PBXFileReference section */
		D00AB2C12BC4E73E00DC30F0 /* NewsDetailView.swift */ = {isa = PBXFileReference; lastKnownFileType = sourcecode.swift; path = NewsDetailView.swift; sourceTree = "<group>"; };
		D00FAF572BBE0520007707BB /* HackerNewsRM.app */ = {isa = PBXFileReference; explicitFileType = wrapper.application; includeInIndex = 0; path = HackerNewsRM.app; sourceTree = BUILT_PRODUCTS_DIR; };
		D00FAF5A2BBE0520007707BB /* HackerNewsRMApp.swift */ = {isa = PBXFileReference; lastKnownFileType = sourcecode.swift; path = HackerNewsRMApp.swift; sourceTree = "<group>"; };
		D00FAF5C2BBE0520007707BB /* ContentView.swift */ = {isa = PBXFileReference; lastKnownFileType = sourcecode.swift; path = ContentView.swift; sourceTree = "<group>"; };
		D00FAF5E2BBE0521007707BB /* Assets.xcassets */ = {isa = PBXFileReference; lastKnownFileType = folder.assetcatalog; path = Assets.xcassets; sourceTree = "<group>"; };
		D00FAF612BBE0521007707BB /* Preview Assets.xcassets */ = {isa = PBXFileReference; lastKnownFileType = folder.assetcatalog; path = "Preview Assets.xcassets"; sourceTree = "<group>"; };
		D01FB5702BBE33DF000E3D48 /* ListNewsView.swift */ = {isa = PBXFileReference; lastKnownFileType = sourcecode.swift; path = ListNewsView.swift; sourceTree = "<group>"; };
		D01FB5722BBE3740000E3D48 /* ListNewsViewModel.swift */ = {isa = PBXFileReference; lastKnownFileType = sourcecode.swift; path = ListNewsViewModel.swift; sourceTree = "<group>"; };
		D01FB5742BBE3772000E3D48 /* ApiClient.swift */ = {isa = PBXFileReference; lastKnownFileType = sourcecode.swift; path = ApiClient.swift; sourceTree = "<group>"; };
		D0B28EC02BBF64A200759DC0 /* News.swift */ = {isa = PBXFileReference; lastKnownFileType = sourcecode.swift; path = News.swift; sourceTree = "<group>"; };
		D0E52C992BC5D5F000559BA6 /* ModelDataBase.swift */ = {isa = PBXFileReference; lastKnownFileType = sourcecode.swift; path = ModelDataBase.swift; sourceTree = "<group>"; };
/* End PBXFileReference section */

/* Begin PBXFrameworksBuildPhase section */
		D00FAF542BBE0520007707BB /* Frameworks */ = {
			isa = PBXFrameworksBuildPhase;
			buildActionMask = 2147483647;
			files = (
			);
			runOnlyForDeploymentPostprocessing = 0;
		};
/* End PBXFrameworksBuildPhase section */

/* Begin PBXGroup section */
		D00FAF4E2BBE0520007707BB = {
			isa = PBXGroup;
			children = (
				D00FAF592BBE0520007707BB /* HackerNewsRM */,
				D00FAF582BBE0520007707BB /* Products */,
			);
			sourceTree = "<group>";
		};
		D00FAF582BBE0520007707BB /* Products */ = {
			isa = PBXGroup;
			children = (
				D00FAF572BBE0520007707BB /* HackerNewsRM.app */,
			);
			name = Products;
			sourceTree = "<group>";
		};
		D00FAF592BBE0520007707BB /* HackerNewsRM */ = {
			isa = PBXGroup;
			children = (
				D01FB5782BBE38E0000E3D48 /* Models */,
				D01FB5772BBE37AB000E3D48 /* Network */,
				D01FB5762BBE378C000E3D48 /* Modules */,
				D00FAF5A2BBE0520007707BB /* HackerNewsRMApp.swift */,
				D00FAF5C2BBE0520007707BB /* ContentView.swift */,
				D00FAF5E2BBE0521007707BB /* Assets.xcassets */,
				D00FAF602BBE0521007707BB /* Preview Content */,
			);
			path = HackerNewsRM;
			sourceTree = "<group>";
		};
		D00FAF602BBE0521007707BB /* Preview Content */ = {
			isa = PBXGroup;
			children = (
				D00FAF612BBE0521007707BB /* Preview Assets.xcassets */,
			);
			path = "Preview Content";
			sourceTree = "<group>";
		};
		D01FB5762BBE378C000E3D48 /* Modules */ = {
			isa = PBXGroup;
			children = (
				D0B28EC22BBF997100759DC0 /* HomeNews */,
			);
			path = Modules;
			sourceTree = "<group>";
		};
		D01FB5772BBE37AB000E3D48 /* Network */ = {
			isa = PBXGroup;
			children = (
				D01FB5742BBE3772000E3D48 /* ApiClient.swift */,
			);
			path = Network;
			sourceTree = "<group>";
		};
		D01FB5782BBE38E0000E3D48 /* Models */ = {
			isa = PBXGroup;
			children = (
				D0B28EC02BBF64A200759DC0 /* News.swift */,
			);
			path = Models;
			sourceTree = "<group>";
		};
		D0B28EC22BBF997100759DC0 /* HomeNews */ = {
			isa = PBXGroup;
			children = (
				D01FB5722BBE3740000E3D48 /* ListNewsViewModel.swift */,
				D01FB5702BBE33DF000E3D48 /* ListNewsView.swift */,
				D00AB2C12BC4E73E00DC30F0 /* NewsDetailView.swift */,
				D0E52C992BC5D5F000559BA6 /* ModelDataBase.swift */,
			);
			path = HomeNews;
			sourceTree = "<group>";
		};
/* End PBXGroup section */

/* Begin PBXNativeTarget section */
		D00FAF562BBE0520007707BB /* HackerNewsRM */ = {
			isa = PBXNativeTarget;
			buildConfigurationList = D00FAF652BBE0521007707BB /* Build configuration list for PBXNativeTarget "HackerNewsRM" */;
			buildPhases = (
				D00FAF532BBE0520007707BB /* Sources */,
				D00FAF542BBE0520007707BB /* Frameworks */,
				D00FAF552BBE0520007707BB /* Resources */,
			);
			buildRules = (
			);
			dependencies = (
			);
			name = HackerNewsRM;
			packageProductDependencies = (
			);
			productName = HackerNewsRM;
			productReference = D00FAF572BBE0520007707BB /* HackerNewsRM.app */;
			productType = "com.apple.product-type.application";
		};
/* End PBXNativeTarget section */

/* Begin PBXProject section */
		D00FAF4F2BBE0520007707BB /* Project object */ = {
			isa = PBXProject;
			attributes = {
				BuildIndependentTargetsInParallel = 1;
				LastSwiftUpdateCheck = 1530;
				LastUpgradeCheck = 1530;
				TargetAttributes = {
					D00FAF562BBE0520007707BB = {
						CreatedOnToolsVersion = 15.3;
					};
				};
			};
			buildConfigurationList = D00FAF522BBE0520007707BB /* Build configuration list for PBXProject "HackerNewsRM" */;
			compatibilityVersion = "Xcode 14.0";
			developmentRegion = en;
			hasScannedForEncodings = 0;
			knownRegions = (
				en,
				Base,
			);
			mainGroup = D00FAF4E2BBE0520007707BB;
			packageReferences = (
			);
			productRefGroup = D00FAF582BBE0520007707BB /* Products */;
			projectDirPath = "";
			projectRoot = "";
			targets = (
				D00FAF562BBE0520007707BB /* HackerNewsRM */,
			);
		};
/* End PBXProject section */

/* Begin PBXResourcesBuildPhase section */
		D00FAF552BBE0520007707BB /* Resources */ = {
			isa = PBXResourcesBuildPhase;
			buildActionMask = 2147483647;
			files = (
				D00FAF622BBE0521007707BB /* Preview Assets.xcassets in Resources */,
				D00FAF5F2BBE0521007707BB /* Assets.xcassets in Resources */,
			);
			runOnlyForDeploymentPostprocessing = 0;
		};
/* End PBXResourcesBuildPhase section */

/* Begin PBXSourcesBuildPhase section */
		D00FAF532BBE0520007707BB /* Sources */ = {
			isa = PBXSourcesBuildPhase;
			buildActionMask = 2147483647;
			files = (
				D0B28EC12BBF64A200759DC0 /* News.swift in Sources */,
				D01FB5712BBE33DF000E3D48 /* ListNewsView.swift in Sources */,
				D00FAF5D2BBE0520007707BB /* ContentView.swift in Sources */,
				D0E52C9A2BC5D5F000559BA6 /* ModelDataBase.swift in Sources */,
				D00AB2C22BC4E73E00DC30F0 /* NewsDetailView.swift in Sources */,
				D00FAF5B2BBE0520007707BB /* HackerNewsRMApp.swift in Sources */,
				D01FB5732BBE3740000E3D48 /* ListNewsViewModel.swift in Sources */,
				D01FB5752BBE3772000E3D48 /* ApiClient.swift in Sources */,
			);
			runOnlyForDeploymentPostprocessing = 0;
		};
/* End PBXSourcesBuildPhase section */

/* Begin XCBuildConfiguration section */
		D00FAF632BBE0521007707BB /* Debug */ = {
			isa = XCBuildConfiguration;
			buildSettings = {
				ALWAYS_SEARCH_USER_PATHS = NO;
				ASSETCATALOG_COMPILER_GENERATE_SWIFT_ASSET_SYMBOL_EXTENSIONS = YES;
				CLANG_ANALYZER_NONNULL = YES;
				CLANG_ANALYZER_NUMBER_OBJECT_CONVERSION = YES_AGGRESSIVE;
				CLANG_CXX_LANGUAGE_STANDARD = "gnu++20";
				CLANG_ENABLE_MODULES = YES;
				CLANG_ENABLE_OBJC_ARC = YES;
				CLANG_ENABLE_OBJC_WEAK = YES;
				CLANG_WARN_BLOCK_CAPTURE_AUTORELEASING = YES;
				CLANG_WARN_BOOL_CONVERSION = YES;
				CLANG_WARN_COMMA = YES;
				CLANG_WARN_CONSTANT_CONVERSION = YES;
				CLANG_WARN_DEPRECATED_OBJC_IMPLEMENTATIONS = YES;
				CLANG_WARN_DIRECT_OBJC_ISA_USAGE = YES_ERROR;
				CLANG_WARN_DOCUMENTATION_COMMENTS = YES;
				CLANG_WARN_EMPTY_BODY = YES;
				CLANG_WARN_ENUM_CONVERSION = YES;
				CLANG_WARN_INFINITE_RECURSION = YES;
				CLANG_WARN_INT_CONVERSION = YES;
				CLANG_WARN_NON_LITERAL_NULL_CONVERSION = YES;
				CLANG_WARN_OBJC_IMPLICIT_RETAIN_SELF = YES;
				CLANG_WARN_OBJC_LITERAL_CONVERSION = YES;
				CLANG_WARN_OBJC_ROOT_CLASS = YES_ERROR;
				CLANG_WARN_QUOTED_INCLUDE_IN_FRAMEWORK_HEADER = YES;
				CLANG_WARN_RANGE_LOOP_ANALYSIS = YES;
				CLANG_WARN_STRICT_PROTOTYPES = YES;
				CLANG_WARN_SUSPICIOUS_MOVE = YES;
				CLANG_WARN_UNGUARDED_AVAILABILITY = YES_AGGRESSIVE;
				CLANG_WARN_UNREACHABLE_CODE = YES;
				CLANG_WARN__DUPLICATE_METHOD_MATCH = YES;
				COPY_PHASE_STRIP = NO;
				DEBUG_INFORMATION_FORMAT = dwarf;
				ENABLE_STRICT_OBJC_MSGSEND = YES;
				ENABLE_TESTABILITY = YES;
				ENABLE_USER_SCRIPT_SANDBOXING = YES;
				GCC_C_LANGUAGE_STANDARD = gnu17;
				GCC_DYNAMIC_NO_PIC = NO;
				GCC_NO_COMMON_BLOCKS = YES;
				GCC_OPTIMIZATION_LEVEL = 0;
				GCC_PREPROCESSOR_DEFINITIONS = (
					"DEBUG=1",
					"$(inherited)",
				);
				GCC_WARN_64_TO_32_BIT_CONVERSION = YES;
				GCC_WARN_ABOUT_RETURN_TYPE = YES_ERROR;
				GCC_WARN_UNDECLARED_SELECTOR = YES;
				GCC_WARN_UNINITIALIZED_AUTOS = YES_AGGRESSIVE;
				GCC_WARN_UNUSED_FUNCTION = YES;
				GCC_WARN_UNUSED_VARIABLE = YES;
				IPHONEOS_DEPLOYMENT_TARGET = 17.4;
				LOCALIZATION_PREFERS_STRING_CATALOGS = YES;
				MTL_ENABLE_DEBUG_INFO = INCLUDE_SOURCE;
				MTL_FAST_MATH = YES;
				ONLY_ACTIVE_ARCH = YES;
				SDKROOT = iphoneos;
				SWIFT_ACTIVE_COMPILATION_CONDITIONS = "DEBUG $(inherited)";
				SWIFT_OPTIMIZATION_LEVEL = "-Onone";
			};
			name = Debug;
		};
		D00FAF642BBE0521007707BB /* Release */ = {
			isa = XCBuildConfiguration;
			buildSettings = {
				ALWAYS_SEARCH_USER_PATHS = NO;
				ASSETCATALOG_COMPILER_GENERATE_SWIFT_ASSET_SYMBOL_EXTENSIONS = YES;
				CLANG_ANALYZER_NONNULL = YES;
				CLANG_ANALYZER_NUMBER_OBJECT_CONVERSION = YES_AGGRESSIVE;
				CLANG_CXX_LANGUAGE_STANDARD = "gnu++20";
				CLANG_ENABLE_MODULES = YES;
				CLANG_ENABLE_OBJC_ARC = YES;
				CLANG_ENABLE_OBJC_WEAK = YES;
				CLANG_WARN_BLOCK_CAPTURE_AUTORELEASING = YES;
				CLANG_WARN_BOOL_CONVERSION = YES;
				CLANG_WARN_COMMA = YES;
				CLANG_WARN_CONSTANT_CONVERSION = YES;
				CLANG_WARN_DEPRECATED_OBJC_IMPLEMENTATIONS = YES;
				CLANG_WARN_DIRECT_OBJC_ISA_USAGE = YES_ERROR;
				CLANG_WARN_DOCUMENTATION_COMMENTS = YES;
				CLANG_WARN_EMPTY_BODY = YES;
				CLANG_WARN_ENUM_CONVERSION = YES;
				CLANG_WARN_INFINITE_RECURSION = YES;
				CLANG_WARN_INT_CONVERSION = YES;
				CLANG_WARN_NON_LITERAL_NULL_CONVERSION = YES;
				CLANG_WARN_OBJC_IMPLICIT_RETAIN_SELF = YES;
				CLANG_WARN_OBJC_LITERAL_CONVERSION = YES;
				CLANG_WARN_OBJC_ROOT_CLASS = YES_ERROR;
				CLANG_WARN_QUOTED_INCLUDE_IN_FRAMEWORK_HEADER = YES;
				CLANG_WARN_RANGE_LOOP_ANALYSIS = YES;
				CLANG_WARN_STRICT_PROTOTYPES = YES;
				CLANG_WARN_SUSPICIOUS_MOVE = YES;
				CLANG_WARN_UNGUARDED_AVAILABILITY = YES_AGGRESSIVE;
				CLANG_WARN_UNREACHABLE_CODE = YES;
				CLANG_WARN__DUPLICATE_METHOD_MATCH = YES;
				COPY_PHASE_STRIP = NO;
				DEBUG_INFORMATION_FORMAT = "dwarf-with-dsym";
				ENABLE_NS_ASSERTIONS = NO;
				ENABLE_STRICT_OBJC_MSGSEND = YES;
				ENABLE_USER_SCRIPT_SANDBOXING = YES;
				GCC_C_LANGUAGE_STANDARD = gnu17;
				GCC_NO_COMMON_BLOCKS = YES;
				GCC_WARN_64_TO_32_BIT_CONVERSION = YES;
				GCC_WARN_ABOUT_RETURN_TYPE = YES_ERROR;
				GCC_WARN_UNDECLARED_SELECTOR = YES;
				GCC_WARN_UNINITIALIZED_AUTOS = YES_AGGRESSIVE;
				GCC_WARN_UNUSED_FUNCTION = YES;
				GCC_WARN_UNUSED_VARIABLE = YES;
				IPHONEOS_DEPLOYMENT_TARGET = 17.4;
				LOCALIZATION_PREFERS_STRING_CATALOGS = YES;
				MTL_ENABLE_DEBUG_INFO = NO;
				MTL_FAST_MATH = YES;
				SDKROOT = iphoneos;
				SWIFT_COMPILATION_MODE = wholemodule;
				VALIDATE_PRODUCT = YES;
			};
			name = Release;
		};
		D00FAF662BBE0521007707BB /* Debug */ = {
			isa = XCBuildConfiguration;
			buildSettings = {
				ASSETCATALOG_COMPILER_APPICON_NAME = AppIcon;
				ASSETCATALOG_COMPILER_GLOBAL_ACCENT_COLOR_NAME = AccentColor;
				CODE_SIGN_STYLE = Automatic;
				CURRENT_PROJECT_VERSION = 1;
				DEVELOPMENT_ASSET_PATHS = "\"HackerNewsRM/Preview Content\"";
				DEVELOPMENT_TEAM = T7283TTLGQ;
				ENABLE_PREVIEWS = YES;
				GENERATE_INFOPLIST_FILE = YES;
				INFOPLIST_KEY_UIApplicationSceneManifest_Generation = YES;
				INFOPLIST_KEY_UIApplicationSupportsIndirectInputEvents = YES;
				INFOPLIST_KEY_UILaunchScreen_Generation = YES;
				INFOPLIST_KEY_UISupportedInterfaceOrientations_iPad = "UIInterfaceOrientationPortrait UIInterfaceOrientationPortraitUpsideDown UIInterfaceOrientationLandscapeLeft UIInterfaceOrientationLandscapeRight";
				INFOPLIST_KEY_UISupportedInterfaceOrientations_iPhone = "UIInterfaceOrientationPortrait UIInterfaceOrientationLandscapeLeft UIInterfaceOrientationLandscapeRight";
				LD_RUNPATH_SEARCH_PATHS = (
					"$(inherited)",
					"@executable_path/Frameworks",
				);
				MARKETING_VERSION = 1.0;
				PRODUCT_BUNDLE_IDENTIFIER = com.ricardoherrera.HackerNewsRM;
				PRODUCT_NAME = "$(TARGET_NAME)";
				SWIFT_EMIT_LOC_STRINGS = YES;
				SWIFT_VERSION = 5.0;
				TARGETED_DEVICE_FAMILY = "1,2";
			};
			name = Debug;
		};
		D00FAF672BBE0521007707BB /* Release */ = {
			isa = XCBuildConfiguration;
			buildSettings = {
				ASSETCATALOG_COMPILER_APPICON_NAME = AppIcon;
				ASSETCATALOG_COMPILER_GLOBAL_ACCENT_COLOR_NAME = AccentColor;
				CODE_SIGN_STYLE = Automatic;
				CURRENT_PROJECT_VERSION = 1;
				DEVELOPMENT_ASSET_PATHS = "\"HackerNewsRM/Preview Content\"";
				DEVELOPMENT_TEAM = T7283TTLGQ;
				ENABLE_PREVIEWS = YES;
				GENERATE_INFOPLIST_FILE = YES;
				INFOPLIST_KEY_UIApplicationSceneManifest_Generation = YES;
				INFOPLIST_KEY_UIApplicationSupportsIndirectInputEvents = YES;
				INFOPLIST_KEY_UILaunchScreen_Generation = YES;
				INFOPLIST_KEY_UISupportedInterfaceOrientations_iPad = "UIInterfaceOrientationPortrait UIInterfaceOrientationPortraitUpsideDown UIInterfaceOrientationLandscapeLeft UIInterfaceOrientationLandscapeRight";
				INFOPLIST_KEY_UISupportedInterfaceOrientations_iPhone = "UIInterfaceOrientationPortrait UIInterfaceOrientationLandscapeLeft UIInterfaceOrientationLandscapeRight";
				LD_RUNPATH_SEARCH_PATHS = (
					"$(inherited)",
					"@executable_path/Frameworks",
				);
				MARKETING_VERSION = 1.0;
				PRODUCT_BUNDLE_IDENTIFIER = com.ricardoherrera.HackerNewsRM;
				PRODUCT_NAME = "$(TARGET_NAME)";
				SWIFT_EMIT_LOC_STRINGS = YES;
				SWIFT_VERSION = 5.0;
				TARGETED_DEVICE_FAMILY = "1,2";
			};
			name = Release;
		};
/* End XCBuildConfiguration section */

/* Begin XCConfigurationList section */
		D00FAF522BBE0520007707BB /* Build configuration list for PBXProject "HackerNewsRM" */ = {
			isa = XCConfigurationList;
			buildConfigurations = (
				D00FAF632BBE0521007707BB /* Debug */,
				D00FAF642BBE0521007707BB /* Release */,
			);
			defaultConfigurationIsVisible = 0;
			defaultConfigurationName = Release;
		};
		D00FAF652BBE0521007707BB /* Build configuration list for PBXNativeTarget "HackerNewsRM" */ = {
			isa = XCConfigurationList;
			buildConfigurations = (
				D00FAF662BBE0521007707BB /* Debug */,
				D00FAF672BBE0521007707BB /* Release */,
			);
			defaultConfigurationIsVisible = 0;
			defaultConfigurationName = Release;
		};
/* End XCConfigurationList section */
	};
	rootObject = D00FAF4F2BBE0520007707BB /* Project object */;
}
